
Microsoft Visual Studio Solution File, Format Version 12.00
Project("{FAE04EC0-301F-11D3-BF4B-00C04F79EFBC}") = "TestLib", "TestLib\TestLib.csproj", "{2D5F751E-3345-4A7A-905F-49E46F692D0C}"
EndProject
Project("{FAE04EC0-301F-11D3-BF4B-00C04F79EFBC}") = "TestLib.Specs", "TestLib.Specs\TestLib.Specs.csproj", "{F3E95D85-2156-46A9-B9B9-DEE3BF33E443}"
EndProject
Global
	GlobalSection(SolutionConfigurationPlatforms) = preSolution
		Debug|Any CPU = Debug|Any CPU
		Release|Any CPU = Release|Any CPU
	EndGlobalSection
	GlobalSection(ProjectConfigurationPlatforms) = postSolution
		{2D5F751E-3345-4A7A-905F-49E46F692D0C}.Debug|Any CPU.ActiveCfg = Debug|Any CPU
		{2D5F751E-3345-4A7A-905F-49E46F692D0C}.Debug|Any CPU.Build.0 = Debug|Any CPU
		{2D5F751E-3345-4A7A-905F-49E46F692D0C}.Release|Any CPU.ActiveCfg = Release|Any CPU
		{2D5F751E-3345-4A7A-905F-49E46F692D0C}.Release|Any CPU.Build.0 = Release|Any CPU
		{F3E95D85-2156-46A9-B9B9-DEE3BF33E443}.Debug|Any CPU.ActiveCfg = Debug|Any CPU
		{F3E95D85-2156-46A9-B9B9-DEE3BF33E443}.Debug|Any CPU.Build.0 = Debug|Any CPU
		{F3E95D85-2156-46A9-B9B9-DEE3BF33E443}.Release|Any CPU.ActiveCfg = Release|Any CPU
		{F3E95D85-2156-46A9-B9B9-DEE3BF33E443}.Release|Any CPU.Build.0 = Release|Any CPU
	EndGlobalSection
EndGlobal
